
Microsoft Visual Studio Solution File, Format Version 12.00
# Visual Studio Version 17
VisualStudioVersion = 17.14.36603.0 d17.14
MinimumVisualStudioVersion = 10.0.40219.1
Project("{FAE04EC0-301F-11D3-BF4B-00C04F79EFBC}") = "ConsoleApp10", "ConsoleApp10.csproj", "{2EF845C1-793F-4AB4-84AF-42C355C75BBA}"
EndProject
Global
	GlobalSection(SolutionConfigurationPlatforms) = preSolution
		Debug|Any CPU = Debug|Any CPU
		Release|Any CPU = Release|Any CPU
	EndGlobalSection
	GlobalSection(ProjectConfigurationPlatforms) = postSolution
		{2EF845C1-793F-4AB4-84AF-42C355C75BBA}.Debug|Any CPU.ActiveCfg = Debug|Any CPU
		{2EF845C1-793F-4AB4-84AF-42C355C75BBA}.Debug|Any CPU.Build.0 = Debug|Any CPU
		{2EF845C1-793F-4AB4-84AF-42C355C75BBA}.Release|Any CPU.ActiveCfg = Release|Any CPU
		{2EF845C1-793F-4AB4-84AF-42C355C75BBA}.Release|Any CPU.Build.0 = Release|Any CPU
	EndGlobalSection
	GlobalSection(SolutionProperties) = preSolution
		HideSolutionNode = FALSE
	EndGlobalSection
	GlobalSection(ExtensibilityGlobals) = postSolution
		SolutionGuid = {CBE4A299-4BA1-4C11-9249-89804FC3D9F8}
	EndGlobalSection
EndGlobal
